
Microsoft Visual Studio Solution File, Format Version 12.00
# Visual Studio 15
VisualStudioVersion = 15.0.27428.2002
MinimumVisualStudioVersion = 10.0.40219.1
Project("{FAE04EC0-301F-11D3-BF4B-00C04F79EFBC}") = "spanish-nl-analyzer", "spanish-nl-analyzer\spanish-nl-analyzer.csproj", "{58ED8BA2-82B6-4168-8622-0FE395C034EC}"
EndProject
Global
	GlobalSection(SolutionConfigurationPlatforms) = preSolution
		Debug|Any CPU = Debug|Any CPU
		Release|Any CPU = Release|Any CPU
	EndGlobalSection
	GlobalSection(ProjectConfigurationPlatforms) = postSolution
		{58ED8BA2-82B6-4168-8622-0FE395C034EC}.Debug|Any CPU.ActiveCfg = Debug|Any CPU
		{58ED8BA2-82B6-4168-8622-0FE395C034EC}.Debug|Any CPU.Build.0 = Debug|Any CPU
		{58ED8BA2-82B6-4168-8622-0FE395C034EC}.Release|Any CPU.ActiveCfg = Release|Any CPU
		{58ED8BA2-82B6-4168-8622-0FE395C034EC}.Release|Any CPU.Build.0 = Release|Any CPU
	EndGlobalSection
	GlobalSection(SolutionProperties) = preSolution
		HideSolutionNode = FALSE
	EndGlobalSection
	GlobalSection(ExtensibilityGlobals) = postSolution
		SolutionGuid = {78280EDD-F9E5-4202-A69C-F65DAEB3E40A}
	EndGlobalSection
EndGlobal
